
Microsoft Visual Studio Solution File, Format Version 12.00
# Visual Studio Version 17
VisualStudioVersion = 17.7.34031.279
MinimumVisualStudioVersion = 10.0.40219.1
Project("{FAE04EC0-301F-11D3-BF4B-00C04F79EFBC}") = "Calculator1.0", "Calculator1.0\Calculator1.0.csproj", "{A7D8C99B-9792-46FB-821D-ABEAA518F7A1}"
EndProject
Global
	GlobalSection(SolutionConfigurationPlatforms) = preSolution
		Debug|Any CPU = Debug|Any CPU
		Release|Any CPU = Release|Any CPU
	EndGlobalSection
	GlobalSection(ProjectConfigurationPlatforms) = postSolution
		{A7D8C99B-9792-46FB-821D-ABEAA518F7A1}.Debug|Any CPU.ActiveCfg = Debug|Any CPU
		{A7D8C99B-9792-46FB-821D-ABEAA518F7A1}.Debug|Any CPU.Build.0 = Debug|Any CPU
		{A7D8C99B-9792-46FB-821D-ABEAA518F7A1}.Release|Any CPU.ActiveCfg = Release|Any CPU
		{A7D8C99B-9792-46FB-821D-ABEAA518F7A1}.Release|Any CPU.Build.0 = Release|Any CPU
	EndGlobalSection
	GlobalSection(SolutionProperties) = preSolution
		HideSolutionNode = FALSE
	EndGlobalSection
	GlobalSection(ExtensibilityGlobals) = postSolution
		SolutionGuid = {023476A1-71CB-420B-B03A-D6A919797B7A}
	EndGlobalSection
EndGlobal
